// !$*UTF8*$!
{
	archiveVersion = 1;
	classes = {
	};
	objectVersion = 46;
	objects = {

/* Begin PBXBuildFile section */
		95DBEF651D129C830025584F /* AppDelegate.swift in Sources */ = {isa = PBXBuildFile; fileRef = 95DBEF641D129C830025584F /* AppDelegate.swift */; };
		95DBEF6C1D129C830025584F /* Assets.xcassets in Resources */ = {isa = PBXBuildFile; fileRef = 95DBEF6B1D129C830025584F /* Assets.xcassets */; };
		95DBEF6F1D129C830025584F /* LaunchScreen.storyboard in Resources */ = {isa = PBXBuildFile; fileRef = 95DBEF6D1D129C830025584F /* LaunchScreen.storyboard */; };
		95DBEF7A1D129C830025584F /* MWStoryboardScenesDemoTests.swift in Sources */ = {isa = PBXBuildFile; fileRef = 95DBEF791D129C830025584F /* MWStoryboardScenesDemoTests.swift */; };
		95DBEF851D129C830025584F /* MWStoryboardScenesDemoUITests.swift in Sources */ = {isa = PBXBuildFile; fileRef = 95DBEF841D129C830025584F /* MWStoryboardScenesDemoUITests.swift */; };
		95DBEF981D129CD40025584F /* Page1ViewController.swift in Sources */ = {isa = PBXBuildFile; fileRef = 95DBEF941D129CD40025584F /* Page1ViewController.swift */; };
		95DBEF991D129CD40025584F /* Page2ViewController.swift in Sources */ = {isa = PBXBuildFile; fileRef = 95DBEF951D129CD40025584F /* Page2ViewController.swift */; };
		95DBEF9A1D129CD40025584F /* MainStoryboard_iPhone.storyboard in Resources */ = {isa = PBXBuildFile; fileRef = 95DBEF961D129CD40025584F /* MainStoryboard_iPhone.storyboard */; };
		95DBEF9B1D129CD40025584F /* MainStoryboard_iPad.storyboard in Resources */ = {isa = PBXBuildFile; fileRef = 95DBEF971D129CD40025584F /* MainStoryboard_iPad.storyboard */; };
		95DBEFA41D129CE20025584F /* MWObjcPage1ViewController.m in Sources */ = {isa = PBXBuildFile; fileRef = 95DBEF9F1D129CE20025584F /* MWObjcPage1ViewController.m */; };
		95DBEFA51D129CE20025584F /* MWObjcPage2ViewController.m in Sources */ = {isa = PBXBuildFile; fileRef = 95DBEFA11D129CE20025584F /* MWObjcPage2ViewController.m */; };
		95DBEFA61D129CE20025584F /* ObjcStoryboard_iPhone.storyboard in Resources */ = {isa = PBXBuildFile; fileRef = 95DBEFA21D129CE20025584F /* ObjcStoryboard_iPhone.storyboard */; };
		95DBEFA71D129CE20025584F /* ObjcStoryboard_iPad.storyboard in Resources */ = {isa = PBXBuildFile; fileRef = 95DBEFA31D129CE20025584F /* ObjcStoryboard_iPad.storyboard */; };
		95DBEFA91D129F9F0025584F /* MWStoryboardScenes.py in Resources */ = {isa = PBXBuildFile; fileRef = 95DBEFA81D129F9F0025584F /* MWStoryboardScenes.py */; };
		95DBEFAC1D12AB610025584F /* Storyboards.swift in Sources */ = {isa = PBXBuildFile; fileRef = 95DBEFAB1D12AB610025584F /* Storyboards.swift */; };
		95DBEFAF1D12AD980025584F /* MWStoryboards.m in Sources */ = {isa = PBXBuildFile; fileRef = 95DBEFAE1D12AD980025584F /* MWStoryboards.m */; };
/* End PBXBuildFile section */

/* Begin PBXContainerItemProxy section */
		95DBEF761D129C830025584F /* PBXContainerItemProxy */ = {
			isa = PBXContainerItemProxy;
			containerPortal = 95DBEF591D129C830025584F /* Project object */;
			proxyType = 1;
			remoteGlobalIDString = 95DBEF601D129C830025584F;
			remoteInfo = MWStoryboardScenesDemo;
		};
		95DBEF811D129C830025584F /* PBXContainerItemProxy */ = {
			isa = PBXContainerItemProxy;
			containerPortal = 95DBEF591D129C830025584F /* Project object */;
			proxyType = 1;
			remoteGlobalIDString = 95DBEF601D129C830025584F;
			remoteInfo = MWStoryboardScenesDemo;
		};
/* End PBXContainerItemProxy section */

/* Begin PBXFileReference section */
		95DBEF611D129C830025584F /* MWStoryboardScenesDemo.app */ = {isa = PBXFileReference; explicitFileType = wrapper.application; includeInIndex = 0; path = MWStoryboardScenesDemo.app; sourceTree = BUILT_PRODUCTS_DIR; };
		95DBEF641D129C830025584F /* AppDelegate.swift */ = {isa = PBXFileReference; lastKnownFileType = sourcecode.swift; path = AppDelegate.swift; sourceTree = "<group>"; };
		95DBEF6B1D129C830025584F /* Assets.xcassets */ = {isa = PBXFileReference; lastKnownFileType = folder.assetcatalog; path = Assets.xcassets; sourceTree = "<group>"; };
		95DBEF6E1D129C830025584F /* Base */ = {isa = PBXFileReference; lastKnownFileType = file.storyboard; name = Base; path = Base.lproj/LaunchScreen.storyboard; sourceTree = "<group>"; };
		95DBEF701D129C830025584F /* Info.plist */ = {isa = PBXFileReference; lastKnownFileType = text.plist.xml; path = Info.plist; sourceTree = "<group>"; };
		95DBEF751D129C830025584F /* MWStoryboardScenesDemoTests.xctest */ = {isa = PBXFileReference; explicitFileType = wrapper.cfbundle; includeInIndex = 0; path = MWStoryboardScenesDemoTests.xctest; sourceTree = BUILT_PRODUCTS_DIR; };
		95DBEF791D129C830025584F /* MWStoryboardScenesDemoTests.swift */ = {isa = PBXFileReference; lastKnownFileType = sourcecode.swift; path = MWStoryboardScenesDemoTests.swift; sourceTree = "<group>"; };
		95DBEF7B1D129C830025584F /* Info.plist */ = {isa = PBXFileReference; lastKnownFileType = text.plist.xml; path = Info.plist; sourceTree = "<group>"; };
		95DBEF801D129C830025584F /* MWStoryboardScenesDemoUITests.xctest */ = {isa = PBXFileReference; explicitFileType = wrapper.cfbundle; includeInIndex = 0; path = MWStoryboardScenesDemoUITests.xctest; sourceTree = BUILT_PRODUCTS_DIR; };
		95DBEF841D129C830025584F /* MWStoryboardScenesDemoUITests.swift */ = {isa = PBXFileReference; lastKnownFileType = sourcecode.swift; path = MWStoryboardScenesDemoUITests.swift; sourceTree = "<group>"; };
		95DBEF861D129C830025584F /* Info.plist */ = {isa = PBXFileReference; lastKnownFileType = text.plist.xml; path = Info.plist; sourceTree = "<group>"; };
		95DBEF941D129CD40025584F /* Page1ViewController.swift */ = {isa = PBXFileReference; fileEncoding = 4; lastKnownFileType = sourcecode.swift; path = Page1ViewController.swift; sourceTree = "<group>"; };
		95DBEF951D129CD40025584F /* Page2ViewController.swift */ = {isa = PBXFileReference; fileEncoding = 4; lastKnownFileType = sourcecode.swift; path = Page2ViewController.swift; sourceTree = "<group>"; };
		95DBEF961D129CD40025584F /* MainStoryboard_iPhone.storyboard */ = {isa = PBXFileReference; fileEncoding = 4; lastKnownFileType = file.storyboard; path = MainStoryboard_iPhone.storyboard; sourceTree = "<group>"; };
		95DBEF971D129CD40025584F /* MainStoryboard_iPad.storyboard */ = {isa = PBXFileReference; fileEncoding = 4; lastKnownFileType = file.storyboard; path = MainStoryboard_iPad.storyboard; sourceTree = "<group>"; };
		95DBEF9C1D129CE10025584F /* MWStoryboardScenesDemo-Bridging-Header.h */ = {isa = PBXFileReference; lastKnownFileType = sourcecode.c.h; path = "MWStoryboardScenesDemo-Bridging-Header.h"; sourceTree = "<group>"; };
		95DBEF9D1D129CE20025584F /* MSStoryboardScenesDemo-Bridging-Header.h */ = {isa = PBXFileReference; fileEncoding = 4; lastKnownFileType = sourcecode.c.h; path = "MSStoryboardScenesDemo-Bridging-Header.h"; sourceTree = "<group>"; };
		95DBEF9E1D129CE20025584F /* MWObjcPage1ViewController.h */ = {isa = PBXFileReference; fileEncoding = 4; lastKnownFileType = sourcecode.c.h; path = MWObjcPage1ViewController.h; sourceTree = "<group>"; };
		95DBEF9F1D129CE20025584F /* MWObjcPage1ViewController.m */ = {isa = PBXFileReference; fileEncoding = 4; lastKnownFileType = sourcecode.c.objc; path = MWObjcPage1ViewController.m; sourceTree = "<group>"; };
		95DBEFA01D129CE20025584F /* MWObjcPage2ViewController.h */ = {isa = PBXFileReference; fileEncoding = 4; lastKnownFileType = sourcecode.c.h; path = MWObjcPage2ViewController.h; sourceTree = "<group>"; };
		95DBEFA11D129CE20025584F /* MWObjcPage2ViewController.m */ = {isa = PBXFileReference; fileEncoding = 4; lastKnownFileType = sourcecode.c.objc; path = MWObjcPage2ViewController.m; sourceTree = "<group>"; };
		95DBEFA21D129CE20025584F /* ObjcStoryboard_iPhone.storyboard */ = {isa = PBXFileReference; fileEncoding = 4; lastKnownFileType = file.storyboard; path = ObjcStoryboard_iPhone.storyboard; sourceTree = "<group>"; };
		95DBEFA31D129CE20025584F /* ObjcStoryboard_iPad.storyboard */ = {isa = PBXFileReference; fileEncoding = 4; lastKnownFileType = file.storyboard; path = ObjcStoryboard_iPad.storyboard; sourceTree = "<group>"; };
		95DBEFA81D129F9F0025584F /* MWStoryboardScenes.py */ = {isa = PBXFileReference; fileEncoding = 4; lastKnownFileType = text.script.python; path = MWStoryboardScenes.py; sourceTree = "<group>"; };
		95DBEFAB1D12AB610025584F /* Storyboards.swift */ = {isa = PBXFileReference; fileEncoding = 4; lastKnownFileType = sourcecode.swift; path = Storyboards.swift; sourceTree = "<group>"; };
		95DBEFAD1D12AD980025584F /* MWStoryboards.h */ = {isa = PBXFileReference; fileEncoding = 4; lastKnownFileType = sourcecode.c.h; path = MWStoryboards.h; sourceTree = "<group>"; };
		95DBEFAE1D12AD980025584F /* MWStoryboards.m */ = {isa = PBXFileReference; fileEncoding = 4; lastKnownFileType = sourcecode.c.objc; path = MWStoryboards.m; sourceTree = "<group>"; };
/* End PBXFileReference section */

/* Begin PBXFrameworksBuildPhase section */
		95DBEF5E1D129C830025584F /* Frameworks */ = {
			isa = PBXFrameworksBuildPhase;
			buildActionMask = 2147483647;
			files = (
			);
			runOnlyForDeploymentPostprocessing = 0;
		};
		95DBEF721D129C830025584F /* Frameworks */ = {
			isa = PBXFrameworksBuildPhase;
			buildActionMask = 2147483647;
			files = (
			);
			runOnlyForDeploymentPostprocessing = 0;
		};
		95DBEF7D1D129C830025584F /* Frameworks */ = {
			isa = PBXFrameworksBuildPhase;
			buildActionMask = 2147483647;
			files = (
			);
			runOnlyForDeploymentPostprocessing = 0;
		};
/* End PBXFrameworksBuildPhase section */

/* Begin PBXGroup section */
		95DBEF581D129C830025584F = {
			isa = PBXGroup;
			children = (
				95DBEF631D129C830025584F /* MWStoryboardScenesDemo */,
				95DBEF781D129C830025584F /* MWStoryboardScenesDemoTests */,
				95DBEF831D129C830025584F /* MWStoryboardScenesDemoUITests */,
				95DBEF621D129C830025584F /* Products */,
			);
			sourceTree = "<group>";
		};
		95DBEF621D129C830025584F /* Products */ = {
			isa = PBXGroup;
			children = (
				95DBEF611D129C830025584F /* MWStoryboardScenesDemo.app */,
				95DBEF751D129C830025584F /* MWStoryboardScenesDemoTests.xctest */,
				95DBEF801D129C830025584F /* MWStoryboardScenesDemoUITests.xctest */,
			);
			name = Products;
			sourceTree = "<group>";
		};
		95DBEF631D129C830025584F /* MWStoryboardScenesDemo */ = {
			isa = PBXGroup;
			children = (
				95DBEF921D129CA70025584F /* Swift */,
				95DBEF931D129CB20025584F /* Objective-C */,
				95DBEF641D129C830025584F /* AppDelegate.swift */,
				95DBEF6B1D129C830025584F /* Assets.xcassets */,
				95DBEF6D1D129C830025584F /* LaunchScreen.storyboard */,
				95DBEF701D129C830025584F /* Info.plist */,
				95DBEFA81D129F9F0025584F /* MWStoryboardScenes.py */,
			);
			path = MWStoryboardScenesDemo;
			sourceTree = "<group>";
		};
		95DBEF781D129C830025584F /* MWStoryboardScenesDemoTests */ = {
			isa = PBXGroup;
			children = (
				95DBEF791D129C830025584F /* MWStoryboardScenesDemoTests.swift */,
				95DBEF7B1D129C830025584F /* Info.plist */,
			);
			path = MWStoryboardScenesDemoTests;
			sourceTree = "<group>";
		};
		95DBEF831D129C830025584F /* MWStoryboardScenesDemoUITests */ = {
			isa = PBXGroup;
			children = (
				95DBEF841D129C830025584F /* MWStoryboardScenesDemoUITests.swift */,
				95DBEF861D129C830025584F /* Info.plist */,
			);
			path = MWStoryboardScenesDemoUITests;
			sourceTree = "<group>";
		};
		95DBEF921D129CA70025584F /* Swift */ = {
			isa = PBXGroup;
			children = (
				95DBEF941D129CD40025584F /* Page1ViewController.swift */,
				95DBEF951D129CD40025584F /* Page2ViewController.swift */,
				95DBEF961D129CD40025584F /* MainStoryboard_iPhone.storyboard */,
				95DBEF971D129CD40025584F /* MainStoryboard_iPad.storyboard */,
				95DBEFAB1D12AB610025584F /* Storyboards.swift */,
			);
			name = Swift;
			sourceTree = "<group>";
		};
		95DBEF931D129CB20025584F /* Objective-C */ = {
			isa = PBXGroup;
			children = (
				95DBEF9D1D129CE20025584F /* MSStoryboardScenesDemo-Bridging-Header.h */,
				95DBEF9E1D129CE20025584F /* MWObjcPage1ViewController.h */,
				95DBEF9F1D129CE20025584F /* MWObjcPage1ViewController.m */,
				95DBEFA01D129CE20025584F /* MWObjcPage2ViewController.h */,
				95DBEFA11D129CE20025584F /* MWObjcPage2ViewController.m */,
				95DBEFA21D129CE20025584F /* ObjcStoryboard_iPhone.storyboard */,
				95DBEFA31D129CE20025584F /* ObjcStoryboard_iPad.storyboard */,
				95DBEF9C1D129CE10025584F /* MWStoryboardScenesDemo-Bridging-Header.h */,
				95DBEFAD1D12AD980025584F /* MWStoryboards.h */,
				95DBEFAE1D12AD980025584F /* MWStoryboards.m */,
			);
			name = "Objective-C";
			sourceTree = "<group>";
		};
/* End PBXGroup section */

/* Begin PBXNativeTarget section */
		95DBEF601D129C830025584F /* MWStoryboardScenesDemo */ = {
			isa = PBXNativeTarget;
			buildConfigurationList = 95DBEF891D129C830025584F /* Build configuration list for PBXNativeTarget "MWStoryboardScenesDemo" */;
			buildPhases = (
				95DBEFAA1D12A06E0025584F /* ShellScript */,
				95DBEF5D1D129C830025584F /* Sources */,
				95DBEF5E1D129C830025584F /* Frameworks */,
				95DBEF5F1D129C830025584F /* Resources */,
			);
			buildRules = (
			);
			dependencies = (
			);
			name = MWStoryboardScenesDemo;
			productName = MWStoryboardScenesDemo;
			productReference = 95DBEF611D129C830025584F /* MWStoryboardScenesDemo.app */;
			productType = "com.apple.product-type.application";
		};
		95DBEF741D129C830025584F /* MWStoryboardScenesDemoTests */ = {
			isa = PBXNativeTarget;
			buildConfigurationList = 95DBEF8C1D129C830025584F /* Build configuration list for PBXNativeTarget "MWStoryboardScenesDemoTests" */;
			buildPhases = (
				95DBEF711D129C830025584F /* Sources */,
				95DBEF721D129C830025584F /* Frameworks */,
				95DBEF731D129C830025584F /* Resources */,
			);
			buildRules = (
			);
			dependencies = (
				95DBEF771D129C830025584F /* PBXTargetDependency */,
			);
			name = MWStoryboardScenesDemoTests;
			productName = MWStoryboardScenesDemoTests;
			productReference = 95DBEF751D129C830025584F /* MWStoryboardScenesDemoTests.xctest */;
			productType = "com.apple.product-type.bundle.unit-test";
		};
		95DBEF7F1D129C830025584F /* MWStoryboardScenesDemoUITests */ = {
			isa = PBXNativeTarget;
			buildConfigurationList = 95DBEF8F1D129C830025584F /* Build configuration list for PBXNativeTarget "MWStoryboardScenesDemoUITests" */;
			buildPhases = (
				95DBEF7C1D129C830025584F /* Sources */,
				95DBEF7D1D129C830025584F /* Frameworks */,
				95DBEF7E1D129C830025584F /* Resources */,
			);
			buildRules = (
			);
			dependencies = (
				95DBEF821D129C830025584F /* PBXTargetDependency */,
			);
			name = MWStoryboardScenesDemoUITests;
			productName = MWStoryboardScenesDemoUITests;
			productReference = 95DBEF801D129C830025584F /* MWStoryboardScenesDemoUITests.xctest */;
			productType = "com.apple.product-type.bundle.ui-testing";
		};
/* End PBXNativeTarget section */

/* Begin PBXProject section */
		95DBEF591D129C830025584F /* Project object */ = {
			isa = PBXProject;
			attributes = {
				LastSwiftUpdateCheck = 0730;
				LastUpgradeCheck = 0730;
				ORGANIZATIONNAME = "Lonely Penguin";
				TargetAttributes = {
					95DBEF601D129C830025584F = {
						CreatedOnToolsVersion = 7.3.1;
					};
					95DBEF741D129C830025584F = {
						CreatedOnToolsVersion = 7.3.1;
						TestTargetID = 95DBEF601D129C830025584F;
					};
					95DBEF7F1D129C830025584F = {
						CreatedOnToolsVersion = 7.3.1;
						TestTargetID = 95DBEF601D129C830025584F;
					};
				};
			};
			buildConfigurationList = 95DBEF5C1D129C830025584F /* Build configuration list for PBXProject "MWStoryboardScenesDemo" */;
			compatibilityVersion = "Xcode 3.2";
			developmentRegion = English;
			hasScannedForEncodings = 0;
			knownRegions = (
				en,
				Base,
			);
			mainGroup = 95DBEF581D129C830025584F;
			productRefGroup = 95DBEF621D129C830025584F /* Products */;
			projectDirPath = "";
			projectRoot = "";
			targets = (
				95DBEF601D129C830025584F /* MWStoryboardScenesDemo */,
				95DBEF741D129C830025584F /* MWStoryboardScenesDemoTests */,
				95DBEF7F1D129C830025584F /* MWStoryboardScenesDemoUITests */,
			);
		};
/* End PBXProject section */

/* Begin PBXResourcesBuildPhase section */
		95DBEF5F1D129C830025584F /* Resources */ = {
			isa = PBXResourcesBuildPhase;
			buildActionMask = 2147483647;
			files = (
				95DBEFA61D129CE20025584F /* ObjcStoryboard_iPhone.storyboard in Resources */,
				95DBEFA71D129CE20025584F /* ObjcStoryboard_iPad.storyboard in Resources */,
				95DBEFA91D129F9F0025584F /* MWStoryboardScenes.py in Resources */,
				95DBEF6F1D129C830025584F /* LaunchScreen.storyboard in Resources */,
				95DBEF6C1D129C830025584F /* Assets.xcassets in Resources */,
				95DBEF9A1D129CD40025584F /* MainStoryboard_iPhone.storyboard in Resources */,
				95DBEF9B1D129CD40025584F /* MainStoryboard_iPad.storyboard in Resources */,
			);
			runOnlyForDeploymentPostprocessing = 0;
		};
		95DBEF731D129C830025584F /* Resources */ = {
			isa = PBXResourcesBuildPhase;
			buildActionMask = 2147483647;
			files = (
			);
			runOnlyForDeploymentPostprocessing = 0;
		};
		95DBEF7E1D129C830025584F /* Resources */ = {
			isa = PBXResourcesBuildPhase;
			buildActionMask = 2147483647;
			files = (
			);
			runOnlyForDeploymentPostprocessing = 0;
		};
/* End PBXResourcesBuildPhase section */

/* Begin PBXShellScriptBuildPhase section */
		95DBEFAA1D12A06E0025584F /* ShellScript */ = {
			isa = PBXShellScriptBuildPhase;
			buildActionMask = 2147483647;
			files = (
			);
			inputPaths = (
			);
			outputPaths = (
				"$(SRCROOT)/MWStoryboardScenesDemo/Storyboards",
				"$(DERIVED_FILE_DIR)/ScriptHasRun.txt",
			);
			runOnlyForDeploymentPostprocessing = 0;
			shellPath = /bin/sh;
			shellScript = "python \"${SRCROOT}/MWStoryboardScenesDemo/MWStoryboardScenes.py\"";
		};
/* End PBXShellScriptBuildPhase section */

/* Begin PBXSourcesBuildPhase section */
		95DBEF5D1D129C830025584F /* Sources */ = {
			isa = PBXSourcesBuildPhase;
			buildActionMask = 2147483647;
			files = (
				95DBEFAC1D12AB610025584F /* Storyboards.swift in Sources */,
				95DBEFAF1D12AD980025584F /* MWStoryboards.m in Sources */,
				95DBEFA51D129CE20025584F /* MWObjcPage2ViewController.m in Sources */,
				95DBEF981D129CD40025584F /* Page1ViewController.swift in Sources */,
				95DBEFA41D129CE20025584F /* MWObjcPage1ViewController.m in Sources */,
				95DBEF991D129CD40025584F /* Page2ViewController.swift in Sources */,
				95DBEF651D129C830025584F /* AppDelegate.swift in Sources */,
			);
			runOnlyForDeploymentPostprocessing = 0;
		};
		95DBEF711D129C830025584F /* Sources */ = {
			isa = PBXSourcesBuildPhase;
			buildActionMask = 2147483647;
			files = (
				95DBEF7A1D129C830025584F /* MWStoryboardScenesDemoTests.swift in Sources */,
			);
			runOnlyForDeploymentPostprocessing = 0;
		};
		95DBEF7C1D129C830025584F /* Sources */ = {
			isa = PBXSourcesBuildPhase;
			buildActionMask = 2147483647;
			files = (
				95DBEF851D129C830025584F /* MWStoryboardScenesDemoUITests.swift in Sources */,
			);
			runOnlyForDeploymentPostprocessing = 0;
		};
/* End PBXSourcesBuildPhase section */

/* Begin PBXTargetDependency section */
		95DBEF771D129C830025584F /* PBXTargetDependency */ = {
			isa = PBXTargetDependency;
			target = 95DBEF601D129C830025584F /* MWStoryboardScenesDemo */;
			targetProxy = 95DBEF761D129C830025584F /* PBXContainerItemProxy */;
		};
		95DBEF821D129C830025584F /* PBXTargetDependency */ = {
			isa = PBXTargetDependency;
			target = 95DBEF601D129C830025584F /* MWStoryboardScenesDemo */;
			targetProxy = 95DBEF811D129C830025584F /* PBXContainerItemProxy */;
		};
/* End PBXTargetDependency section */

/* Begin PBXVariantGroup section */
		95DBEF6D1D129C830025584F /* LaunchScreen.storyboard */ = {
			isa = PBXVariantGroup;
			children = (
				95DBEF6E1D129C830025584F /* Base */,
			);
			name = LaunchScreen.storyboard;
			sourceTree = "<group>";
		};
/* End PBXVariantGroup section */

/* Begin XCBuildConfiguration section */
		95DBEF871D129C830025584F /* Debug */ = {
			isa = XCBuildConfiguration;
			buildSettings = {
				ALWAYS_SEARCH_USER_PATHS = NO;
				CLANG_ANALYZER_NONNULL = YES;
				CLANG_CXX_LANGUAGE_STANDARD = "gnu++0x";
				CLANG_CXX_LIBRARY = "libc++";
				CLANG_ENABLE_MODULES = YES;
				CLANG_ENABLE_OBJC_ARC = YES;
				CLANG_WARN_BOOL_CONVERSION = YES;
				CLANG_WARN_CONSTANT_CONVERSION = YES;
				CLANG_WARN_DIRECT_OBJC_ISA_USAGE = YES_ERROR;
				CLANG_WARN_EMPTY_BODY = YES;
				CLANG_WARN_ENUM_CONVERSION = YES;
				CLANG_WARN_INT_CONVERSION = YES;
				CLANG_WARN_OBJC_ROOT_CLASS = YES_ERROR;
				CLANG_WARN_UNREACHABLE_CODE = YES;
				CLANG_WARN__DUPLICATE_METHOD_MATCH = YES;
				"CODE_SIGN_IDENTITY[sdk=iphoneos*]" = "iPhone Developer";
				COPY_PHASE_STRIP = NO;
				DEBUG_INFORMATION_FORMAT = dwarf;
				ENABLE_STRICT_OBJC_MSGSEND = YES;
				ENABLE_TESTABILITY = YES;
				GCC_C_LANGUAGE_STANDARD = gnu99;
				GCC_DYNAMIC_NO_PIC = NO;
				GCC_NO_COMMON_BLOCKS = YES;
				GCC_OPTIMIZATION_LEVEL = 0;
				GCC_PREPROCESSOR_DEFINITIONS = (
					"DEBUG=1",
					"$(inherited)",
				);
				GCC_WARN_64_TO_32_BIT_CONVERSION = YES;
				GCC_WARN_ABOUT_RETURN_TYPE = YES_ERROR;
				GCC_WARN_UNDECLARED_SELECTOR = YES;
				GCC_WARN_UNINITIALIZED_AUTOS = YES_AGGRESSIVE;
				GCC_WARN_UNUSED_FUNCTION = YES;
				GCC_WARN_UNUSED_VARIABLE = YES;
				IPHONEOS_DEPLOYMENT_TARGET = 9.3;
				MTL_ENABLE_DEBUG_INFO = YES;
				ONLY_ACTIVE_ARCH = YES;
				SDKROOT = iphoneos;
				SWIFT_OPTIMIZATION_LEVEL = "-Onone";
				TARGETED_DEVICE_FAMILY = "1,2";
			};
			name = Debug;
		};
		95DBEF881D129C830025584F /* Release */ = {
			isa = XCBuildConfiguration;
			buildSettings = {
				ALWAYS_SEARCH_USER_PATHS = NO;
				CLANG_ANALYZER_NONNULL = YES;
				CLANG_CXX_LANGUAGE_STANDARD = "gnu++0x";
				CLANG_CXX_LIBRARY = "libc++";
				CLANG_ENABLE_MODULES = YES;
				CLANG_ENABLE_OBJC_ARC = YES;
				CLANG_WARN_BOOL_CONVERSION = YES;
				CLANG_WARN_CONSTANT_CONVERSION = YES;
				CLANG_WARN_DIRECT_OBJC_ISA_USAGE = YES_ERROR;
				CLANG_WARN_EMPTY_BODY = YES;
				CLANG_WARN_ENUM_CONVERSION = YES;
				CLANG_WARN_INT_CONVERSION = YES;
				CLANG_WARN_OBJC_ROOT_CLASS = YES_ERROR;
				CLANG_WARN_UNREACHABLE_CODE = YES;
				CLANG_WARN__DUPLICATE_METHOD_MATCH = YES;
				"CODE_SIGN_IDENTITY[sdk=iphoneos*]" = "iPhone Developer";
				COPY_PHASE_STRIP = NO;
				DEBUG_INFORMATION_FORMAT = "dwarf-with-dsym";
				ENABLE_NS_ASSERTIONS = NO;
				ENABLE_STRICT_OBJC_MSGSEND = YES;
				GCC_C_LANGUAGE_STANDARD = gnu99;
				GCC_NO_COMMON_BLOCKS = YES;
				GCC_WARN_64_TO_32_BIT_CONVERSION = YES;
				GCC_WARN_ABOUT_RETURN_TYPE = YES_ERROR;
				GCC_WARN_UNDECLARED_SELECTOR = YES;
				GCC_WARN_UNINITIALIZED_AUTOS = YES_AGGRESSIVE;
				GCC_WARN_UNUSED_FUNCTION = YES;
				GCC_WARN_UNUSED_VARIABLE = YES;
				IPHONEOS_DEPLOYMENT_TARGET = 9.3;
				MTL_ENABLE_DEBUG_INFO = NO;
				SDKROOT = iphoneos;
				TARGETED_DEVICE_FAMILY = "1,2";
				VALIDATE_PRODUCT = YES;
			};
			name = Release;
		};
		95DBEF8A1D129C830025584F /* Debug */ = {
			isa = XCBuildConfiguration;
			buildSettings = {
				ASSETCATALOG_COMPILER_APPICON_NAME = AppIcon;
				CLANG_ENABLE_MODULES = YES;
				INFOPLIST_FILE = MWStoryboardScenesDemo/Info.plist;
				LD_RUNPATH_SEARCH_PATHS = "$(inherited) @executable_path/Frameworks";
				PRODUCT_BUNDLE_IDENTIFIER = com.lonelypenguin.MWStoryboardScenesDemo;
				PRODUCT_NAME = "$(TARGET_NAME)";
				SWIFT_OBJC_BRIDGING_HEADER = "MWStoryboardScenesDemo/MWStoryboardScenesDemo-Bridging-Header.h";
				SWIFT_OPTIMIZATION_LEVEL = "-Onone";
			};
			name = Debug;
		};
		95DBEF8B1D129C830025584F /* Release */ = {
			isa = XCBuildConfiguration;
			buildSettings = {
				ASSETCATALOG_COMPILER_APPICON_NAME = AppIcon;
				CLANG_ENABLE_MODULES = YES;
				INFOPLIST_FILE = MWStoryboardScenesDemo/Info.plist;
				LD_RUNPATH_SEARCH_PATHS = "$(inherited) @executable_path/Frameworks";
				PRODUCT_BUNDLE_IDENTIFIER = com.lonelypenguin.MWStoryboardScenesDemo;
				PRODUCT_NAME = "$(TARGET_NAME)";
				SWIFT_OBJC_BRIDGING_HEADER = "MWStoryboardScenesDemo/MWStoryboardScenesDemo-Bridging-Header.h";
			};
			name = Release;
		};
		95DBEF8D1D129C830025584F /* Debug */ = {
			isa = XCBuildConfiguration;
			buildSettings = {
				BUNDLE_LOADER = "$(TEST_HOST)";
				INFOPLIST_FILE = MWStoryboardScenesDemoTests/Info.plist;
				LD_RUNPATH_SEARCH_PATHS = "$(inherited) @executable_path/Frameworks @loader_path/Frameworks";
				PRODUCT_BUNDLE_IDENTIFIER = com.lonelypenguin.MWStoryboardScenesDemoTests;
				PRODUCT_NAME = "$(TARGET_NAME)";
				TEST_HOST = "$(BUILT_PRODUCTS_DIR)/MWStoryboardScenesDemo.app/MWStoryboardScenesDemo";
			};
			name = Debug;
		};
		95DBEF8E1D129C830025584F /* Release */ = {
			isa = XCBuildConfiguration;
			buildSettings = {
				BUNDLE_LOADER = "$(TEST_HOST)";
				INFOPLIST_FILE = MWStoryboardScenesDemoTests/Info.plist;
				LD_RUNPATH_SEARCH_PATHS = "$(inherited) @executable_path/Frameworks @loader_path/Frameworks";
				PRODUCT_BUNDLE_IDENTIFIER = com.lonelypenguin.MWStoryboardScenesDemoTests;
				PRODUCT_NAME = "$(TARGET_NAME)";
				TEST_HOST = "$(BUILT_PRODUCTS_DIR)/MWStoryboardScenesDemo.app/MWStoryboardScenesDemo";
			};
			name = Release;
		};
		95DBEF901D129C830025584F /* Debug */ = {
			isa = XCBuildConfiguration;
			buildSettings = {
				INFOPLIST_FILE = MWStoryboardScenesDemoUITests/Info.plist;
				LD_RUNPATH_SEARCH_PATHS = "$(inherited) @executable_path/Frameworks @loader_path/Frameworks";
				PRODUCT_BUNDLE_IDENTIFIER = com.lonelypenguin.MWStoryboardScenesDemoUITests;
				PRODUCT_NAME = "$(TARGET_NAME)";
				TEST_TARGET_NAME = MWStoryboardScenesDemo;
			};
			name = Debug;
		};
		95DBEF911D129C830025584F /* Release */ = {
			isa = XCBuildConfiguration;
			buildSettings = {
				INFOPLIST_FILE = MWStoryboardScenesDemoUITests/Info.plist;
				LD_RUNPATH_SEARCH_PATHS = "$(inherited) @executable_path/Frameworks @loader_path/Frameworks";
				PRODUCT_BUNDLE_IDENTIFIER = com.lonelypenguin.MWStoryboardScenesDemoUITests;
				PRODUCT_NAME = "$(TARGET_NAME)";
				TEST_TARGET_NAME = MWStoryboardScenesDemo;
			};
			name = Release;
		};
/* End XCBuildConfiguration section */

/* Begin XCConfigurationList section */
		95DBEF5C1D129C830025584F /* Build configuration list for PBXProject "MWStoryboardScenesDemo" */ = {
			isa = XCConfigurationList;
			buildConfigurations = (
				95DBEF871D129C830025584F /* Debug */,
				95DBEF881D129C830025584F /* Release */,
			);
			defaultConfigurationIsVisible = 0;
			defaultConfigurationName = Release;
		};
		95DBEF891D129C830025584F /* Build configuration list for PBXNativeTarget "MWStoryboardScenesDemo" */ = {
			isa = XCConfigurationList;
			buildConfigurations = (
				95DBEF8A1D129C830025584F /* Debug */,
				95DBEF8B1D129C830025584F /* Release */,
			);
			defaultConfigurationIsVisible = 0;
		};
		95DBEF8C1D129C830025584F /* Build configuration list for PBXNativeTarget "MWStoryboardScenesDemoTests" */ = {
			isa = XCConfigurationList;
			buildConfigurations = (
				95DBEF8D1D129C830025584F /* Debug */,
				95DBEF8E1D129C830025584F /* Release */,
			);
			defaultConfigurationIsVisible = 0;
		};
		95DBEF8F1D129C830025584F /* Build configuration list for PBXNativeTarget "MWStoryboardScenesDemoUITests" */ = {
			isa = XCConfigurationList;
			buildConfigurations = (
				95DBEF901D129C830025584F /* Debug */,
				95DBEF911D129C830025584F /* Release */,
			);
			defaultConfigurationIsVisible = 0;
		};
/* End XCConfigurationList section */
	};
	rootObject = 95DBEF591D129C830025584F /* Project object */;
}
