// !$*UTF8*$!
{
	archiveVersion = 1;
	classes = {
	};
	objectVersion = 46;
	objects = {

/* Begin PBXBuildFile section */
		95701E121D1831D900A34C15 /* MWStoryboards.m in Sources */ = {isa = PBXBuildFile; fileRef = 95701E111D1831D900A34C15 /* MWStoryboards.m */; };
		95DBEF651D129C830025584F /* AppDelegate.swift in Sources */ = {isa = PBXBuildFile; fileRef = 95DBEF641D129C830025584F /* AppDelegate.swift */; };
		95DBEF6C1D129C830025584F /* Assets.xcassets in Resources */ = {isa = PBXBuildFile; fileRef = 95DBEF6B1D129C830025584F /* Assets.xcassets */; };
		95DBEF6F1D129C830025584F /* LaunchScreen.storyboard in Resources */ = {isa = PBXBuildFile; fileRef = 95DBEF6D1D129C830025584F /* LaunchScreen.storyboard */; };
		95DBEF7A1D129C830025584F /* MWStoryboardScenesDemoTests.swift in Sources */ = {isa = PBXBuildFile; fileRef = 95DBEF791D129C830025584F /* MWStoryboardScenesDemoTests.swift */; };
		95DBEF851D129C830025584F /* MWStoryboardScenesDemoUITests.swift in Sources */ = {isa = PBXBuildFile; fileRef = 95DBEF841D129C830025584F /* MWStoryboardScenesDemoUITests.swift */; };
		95DBEFA91D129F9F0025584F /* MWStoryboardScenes.py in Resources */ = {isa = PBXBuildFile; fileRef = 95DBEFA81D129F9F0025584F /* MWStoryboardScenes.py */; };
		F5FAC1CDF90953F3445A24A3 /* Page1ViewController.swift in Sources */ = {isa = PBXBuildFile; fileRef = F5FAC3803689998AC024682F /* Page1ViewController.swift */; };
		F5FAC33C2F22222B69315012 /* Storyboards.swift in Sources */ = {isa = PBXBuildFile; fileRef = F5FAC0B514DE9CF1CDD0913B /* Storyboards.swift */; };
		F5FAC375CC57B06734635738 /* ObjcStoryboard_iPhone.storyboard in Resources */ = {isa = PBXBuildFile; fileRef = F5FACD6E7F7E89BDE220A3B4 /* ObjcStoryboard_iPhone.storyboard */; };
		F5FACA079CB7A4E62C8825CF /* MWObjcPage2ViewController.m in Sources */ = {isa = PBXBuildFile; fileRef = F5FAC3BCDAAB94436CD6729D /* MWObjcPage2ViewController.m */; };
		F5FACAE3E06418743F2CD923 /* MainStoryboard_iPhone.storyboard in Resources */ = {isa = PBXBuildFile; fileRef = F5FAC5CDC2C1621A20559791 /* MainStoryboard_iPhone.storyboard */; };
		F5FACC6863F2848DB3EF79F6 /* Page2ViewController.swift in Sources */ = {isa = PBXBuildFile; fileRef = F5FAC15A36BF2A11D69F8DB9 /* Page2ViewController.swift */; };
		F5FACD1C0CAC4442BA4933F1 /* ObjcStoryboard_iPad.storyboard in Resources */ = {isa = PBXBuildFile; fileRef = F5FAC96EA1959C52D973FB18 /* ObjcStoryboard_iPad.storyboard */; };
		F5FACD2263E33A1C05430E32 /* MainStoryboard_iPad.storyboard in Resources */ = {isa = PBXBuildFile; fileRef = F5FACA36316831EE2575FBEE /* MainStoryboard_iPad.storyboard */; };
		F5FACFF56D996C87E955F072 /* MWObjcPage1ViewController.m in Sources */ = {isa = PBXBuildFile; fileRef = F5FAC9A47B3FFAA9302401A3 /* MWObjcPage1ViewController.m */; };
/* End PBXBuildFile section */

/* Begin PBXContainerItemProxy section */
		95DBEF761D129C830025584F /* PBXContainerItemProxy */ = {
			isa = PBXContainerItemProxy;
			containerPortal = 95DBEF591D129C830025584F /* Project object */;
			proxyType = 1;
			remoteGlobalIDString = 95DBEF601D129C830025584F;
			remoteInfo = MWStoryboardScenesDemo;
		};
		95DBEF811D129C830025584F /* PBXContainerItemProxy */ = {
			isa = PBXContainerItemProxy;
			containerPortal = 95DBEF591D129C830025584F /* Project object */;
			proxyType = 1;
			remoteGlobalIDString = 95DBEF601D129C830025584F;
			remoteInfo = MWStoryboardScenesDemo;
		};
/* End PBXContainerItemProxy section */

/* Begin PBXFileReference section */
		95701E101D1831D900A34C15 /* MWStoryboards.h */ = {isa = PBXFileReference; fileEncoding = 4; lastKnownFileType = sourcecode.c.h; path = MWStoryboards.h; sourceTree = "<group>"; };
		95701E111D1831D900A34C15 /* MWStoryboards.m */ = {isa = PBXFileReference; fileEncoding = 4; lastKnownFileType = sourcecode.c.objc; path = MWStoryboards.m; sourceTree = "<group>"; };
		95DBEF611D129C830025584F /* MWStoryboardScenesDemo.app */ = {isa = PBXFileReference; explicitFileType = wrapper.application; includeInIndex = 0; path = MWStoryboardScenesDemo.app; sourceTree = BUILT_PRODUCTS_DIR; };
		95DBEF641D129C830025584F /* AppDelegate.swift */ = {isa = PBXFileReference; lastKnownFileType = sourcecode.swift; path = AppDelegate.swift; sourceTree = "<group>"; };
		95DBEF6B1D129C830025584F /* Assets.xcassets */ = {isa = PBXFileReference; lastKnownFileType = folder.assetcatalog; path = Assets.xcassets; sourceTree = "<group>"; };
		95DBEF6E1D129C830025584F /* Base */ = {isa = PBXFileReference; lastKnownFileType = file.storyboard; name = Base; path = Base.lproj/LaunchScreen.storyboard; sourceTree = "<group>"; };
		95DBEF701D129C830025584F /* Info.plist */ = {isa = PBXFileReference; lastKnownFileType = text.plist.xml; path = Info.plist; sourceTree = "<group>"; };
		95DBEF751D129C830025584F /* MWStoryboardScenesDemoTests.xctest */ = {isa = PBXFileReference; explicitFileType = wrapper.cfbundle; includeInIndex = 0; path = MWStoryboardScenesDemoTests.xctest; sourceTree = BUILT_PRODUCTS_DIR; };
		95DBEF791D129C830025584F /* MWStoryboardScenesDemoTests.swift */ = {isa = PBXFileReference; lastKnownFileType = sourcecode.swift; path = MWStoryboardScenesDemoTests.swift; sourceTree = "<group>"; };
		95DBEF7B1D129C830025584F /* Info.plist */ = {isa = PBXFileReference; lastKnownFileType = text.plist.xml; path = Info.plist; sourceTree = "<group>"; };
		95DBEF801D129C830025584F /* MWStoryboardScenesDemoUITests.xctest */ = {isa = PBXFileReference; explicitFileType = wrapper.cfbundle; includeInIndex = 0; path = MWStoryboardScenesDemoUITests.xctest; sourceTree = BUILT_PRODUCTS_DIR; };
		95DBEF841D129C830025584F /* MWStoryboardScenesDemoUITests.swift */ = {isa = PBXFileReference; lastKnownFileType = sourcecode.swift; path = MWStoryboardScenesDemoUITests.swift; sourceTree = "<group>"; };
		95DBEF861D129C830025584F /* Info.plist */ = {isa = PBXFileReference; lastKnownFileType = text.plist.xml; path = Info.plist; sourceTree = "<group>"; };
		95DBEFA81D129F9F0025584F /* MWStoryboardScenes.py */ = {isa = PBXFileReference; fileEncoding = 4; lastKnownFileType = text.script.python; path = MWStoryboardScenes.py; sourceTree = "<group>"; };
		F5FAC0B514DE9CF1CDD0913B /* Storyboards.swift */ = {isa = PBXFileReference; fileEncoding = 4; lastKnownFileType = sourcecode.swift; path = Storyboards.swift; sourceTree = "<group>"; };
		F5FAC15A36BF2A11D69F8DB9 /* Page2ViewController.swift */ = {isa = PBXFileReference; fileEncoding = 4; lastKnownFileType = sourcecode.swift; path = Page2ViewController.swift; sourceTree = "<group>"; };
		F5FAC3803689998AC024682F /* Page1ViewController.swift */ = {isa = PBXFileReference; fileEncoding = 4; lastKnownFileType = sourcecode.swift; path = Page1ViewController.swift; sourceTree = "<group>"; };
		F5FAC3BCDAAB94436CD6729D /* MWObjcPage2ViewController.m */ = {isa = PBXFileReference; fileEncoding = 4; lastKnownFileType = sourcecode.c.objc; path = MWObjcPage2ViewController.m; sourceTree = "<group>"; };
		F5FAC5CDC2C1621A20559791 /* MainStoryboard_iPhone.storyboard */ = {isa = PBXFileReference; lastKnownFileType = file.storyboard; path = MainStoryboard_iPhone.storyboard; sourceTree = "<group>"; };
		F5FAC78EABEEB2F62F8834A7 /* MWObjcPage2ViewController.h */ = {isa = PBXFileReference; fileEncoding = 4; lastKnownFileType = sourcecode.c.h; path = MWObjcPage2ViewController.h; sourceTree = "<group>"; };
		F5FAC96EA1959C52D973FB18 /* ObjcStoryboard_iPad.storyboard */ = {isa = PBXFileReference; lastKnownFileType = file.storyboard; path = ObjcStoryboard_iPad.storyboard; sourceTree = "<group>"; };
		F5FAC9A47B3FFAA9302401A3 /* MWObjcPage1ViewController.m */ = {isa = PBXFileReference; fileEncoding = 4; lastKnownFileType = sourcecode.c.objc; path = MWObjcPage1ViewController.m; sourceTree = "<group>"; };
		F5FACA36316831EE2575FBEE /* MainStoryboard_iPad.storyboard */ = {isa = PBXFileReference; lastKnownFileType = file.storyboard; path = MainStoryboard_iPad.storyboard; sourceTree = "<group>"; };
		F5FACD1D5651BE81FB7F061B /* MWStoryboardScenesDemo-Bridging-Header.h */ = {isa = PBXFileReference; fileEncoding = 4; lastKnownFileType = sourcecode.c.h; path = "MWStoryboardScenesDemo-Bridging-Header.h"; sourceTree = "<group>"; };
		F5FACD6E7F7E89BDE220A3B4 /* ObjcStoryboard_iPhone.storyboard */ = {isa = PBXFileReference; lastKnownFileType = file.storyboard; path = ObjcStoryboard_iPhone.storyboard; sourceTree = "<group>"; };
		F5FACFC680999D76B1227C72 /* MWObjcPage1ViewController.h */ = {isa = PBXFileReference; fileEncoding = 4; lastKnownFileType = sourcecode.c.h; path = MWObjcPage1ViewController.h; sourceTree = "<group>"; };
/* End PBXFileReference section */

/* Begin PBXFrameworksBuildPhase section */
		95DBEF5E1D129C830025584F /* Frameworks */ = {
			isa = PBXFrameworksBuildPhase;
			buildActionMask = 2147483647;
			files = (
			);
			runOnlyForDeploymentPostprocessing = 0;
		};
		95DBEF721D129C830025584F /* Frameworks */ = {
			isa = PBXFrameworksBuildPhase;
			buildActionMask = 2147483647;
			files = (
			);
			runOnlyForDeploymentPostprocessing = 0;
		};
		95DBEF7D1D129C830025584F /* Frameworks */ = {
			isa = PBXFrameworksBuildPhase;
			buildActionMask = 2147483647;
			files = (
			);
			runOnlyForDeploymentPostprocessing = 0;
		};
/* End PBXFrameworksBuildPhase section */

/* Begin PBXGroup section */
		95DBEF581D129C830025584F = {
			isa = PBXGroup;
			children = (
				95DBEF631D129C830025584F /* MWStoryboardScenesDemo */,
				95DBEF781D129C830025584F /* MWStoryboardScenesDemoTests */,
				95DBEF831D129C830025584F /* MWStoryboardScenesDemoUITests */,
				95DBEF621D129C830025584F /* Products */,
			);
			sourceTree = "<group>";
		};
		95DBEF621D129C830025584F /* Products */ = {
			isa = PBXGroup;
			children = (
				95DBEF611D129C830025584F /* MWStoryboardScenesDemo.app */,
				95DBEF751D129C830025584F /* MWStoryboardScenesDemoTests.xctest */,
				95DBEF801D129C830025584F /* MWStoryboardScenesDemoUITests.xctest */,
			);
			name = Products;
			sourceTree = "<group>";
		};
		95DBEF631D129C830025584F /* MWStoryboardScenesDemo */ = {
			isa = PBXGroup;
			children = (
				95DBEF641D129C830025584F /* AppDelegate.swift */,
				95DBEF6B1D129C830025584F /* Assets.xcassets */,
				95DBEF6D1D129C830025584F /* LaunchScreen.storyboard */,
				95DBEF701D129C830025584F /* Info.plist */,
				95DBEFA81D129F9F0025584F /* MWStoryboardScenes.py */,
				F5FACD1D5651BE81FB7F061B /* MWStoryboardScenesDemo-Bridging-Header.h */,
				95701E101D1831D900A34C15 /* MWStoryboards.h */,
				95701E111D1831D900A34C15 /* MWStoryboards.m */,
				F5FAC0B514DE9CF1CDD0913B /* Storyboards.swift */,
				F5FACDE20DA323D143785076 /* MainStoryboard */,
				F5FACC12F8678190B1245023 /* ObjcStoryboard */,
			);
			path = MWStoryboardScenesDemo;
			sourceTree = "<group>";
		};
		95DBEF781D129C830025584F /* MWStoryboardScenesDemoTests */ = {
			isa = PBXGroup;
			children = (
				95DBEF791D129C830025584F /* MWStoryboardScenesDemoTests.swift */,
				95DBEF7B1D129C830025584F /* Info.plist */,
			);
			path = MWStoryboardScenesDemoTests;
			sourceTree = "<group>";
		};
		95DBEF831D129C830025584F /* MWStoryboardScenesDemoUITests */ = {
			isa = PBXGroup;
			children = (
				95DBEF841D129C830025584F /* MWStoryboardScenesDemoUITests.swift */,
				95DBEF861D129C830025584F /* Info.plist */,
			);
			path = MWStoryboardScenesDemoUITests;
			sourceTree = "<group>";
		};
		F5FACC12F8678190B1245023 /* ObjcStoryboard */ = {
			isa = PBXGroup;
			children = (
				F5FACFC680999D76B1227C72 /* MWObjcPage1ViewController.h */,
				F5FAC9A47B3FFAA9302401A3 /* MWObjcPage1ViewController.m */,
				F5FAC78EABEEB2F62F8834A7 /* MWObjcPage2ViewController.h */,
				F5FACD6E7F7E89BDE220A3B4 /* ObjcStoryboard_iPhone.storyboard */,
				F5FAC3BCDAAB94436CD6729D /* MWObjcPage2ViewController.m */,
				F5FAC96EA1959C52D973FB18 /* ObjcStoryboard_iPad.storyboard */,
			);
			path = ObjcStoryboard;
			sourceTree = "<group>";
		};
		F5FACDE20DA323D143785076 /* MainStoryboard */ = {
			isa = PBXGroup;
			children = (
				F5FAC3803689998AC024682F /* Page1ViewController.swift */,
				F5FACA36316831EE2575FBEE /* MainStoryboard_iPad.storyboard */,
				F5FAC15A36BF2A11D69F8DB9 /* Page2ViewController.swift */,
				F5FAC5CDC2C1621A20559791 /* MainStoryboard_iPhone.storyboard */,
			);
			path = MainStoryboard;
			sourceTree = "<group>";
		};
/* End PBXGroup section */

/* Begin PBXNativeTarget section */
		95DBEF601D129C830025584F /* MWStoryboardScenesDemo */ = {
			isa = PBXNativeTarget;
			buildConfigurationList = 95DBEF891D129C830025584F /* Build configuration list for PBXNativeTarget "MWStoryboardScenesDemo" */;
			buildPhases = (
				95DBEFAA1D12A06E0025584F /* ShellScript */,
				95DBEF5D1D129C830025584F /* Sources */,
				95DBEF5E1D129C830025584F /* Frameworks */,
				95DBEF5F1D129C830025584F /* Resources */,
			);
			buildRules = (
			);
			dependencies = (
			);
			name = MWStoryboardScenesDemo;
			productName = MWStoryboardScenesDemo;
			productReference = 95DBEF611D129C830025584F /* MWStoryboardScenesDemo.app */;
			productType = "com.apple.product-type.application";
		};
		95DBEF741D129C830025584F /* MWStoryboardScenesDemoTests */ = {
			isa = PBXNativeTarget;
			buildConfigurationList = 95DBEF8C1D129C830025584F /* Build configuration list for PBXNativeTarget "MWStoryboardScenesDemoTests" */;
			buildPhases = (
				95DBEF711D129C830025584F /* Sources */,
				95DBEF721D129C830025584F /* Frameworks */,
				95DBEF731D129C830025584F /* Resources */,
			);
			buildRules = (
			);
			dependencies = (
				95DBEF771D129C830025584F /* PBXTargetDependency */,
			);
			name = MWStoryboardScenesDemoTests;
			productName = MWStoryboardScenesDemoTests;
			productReference = 95DBEF751D129C830025584F /* MWStoryboardScenesDemoTests.xctest */;
			productType = "com.apple.product-type.bundle.unit-test";
		};
		95DBEF7F1D129C830025584F /* MWStoryboardScenesDemoUITests */ = {
			isa = PBXNativeTarget;
			buildConfigurationList = 95DBEF8F1D129C830025584F /* Build configuration list for PBXNativeTarget "MWStoryboardScenesDemoUITests" */;
			buildPhases = (
				95DBEF7C1D129C830025584F /* Sources */,
				95DBEF7D1D129C830025584F /* Frameworks */,
				95DBEF7E1D129C830025584F /* Resources */,
			);
			buildRules = (
			);
			dependencies = (
				95DBEF821D129C830025584F /* PBXTargetDependency */,
			);
			name = MWStoryboardScenesDemoUITests;
			productName = MWStoryboardScenesDemoUITests;
			productReference = 95DBEF801D129C830025584F /* MWStoryboardScenesDemoUITests.xctest */;
			productType = "com.apple.product-type.bundle.ui-testing";
		};
/* End PBXNativeTarget section */

/* Begin PBXProject section */
		95DBEF591D129C830025584F /* Project object */ = {
			isa = PBXProject;
			attributes = {
				LastSwiftUpdateCheck = 0730;
				LastUpgradeCheck = 0730;
				ORGANIZATIONNAME = "Lonely Penguin";
				TargetAttributes = {
					95DBEF601D129C830025584F = {
						CreatedOnToolsVersion = 7.3.1;
					};
					95DBEF741D129C830025584F = {
						CreatedOnToolsVersion = 7.3.1;
						TestTargetID = 95DBEF601D129C830025584F;
					};
					95DBEF7F1D129C830025584F = {
						CreatedOnToolsVersion = 7.3.1;
						TestTargetID = 95DBEF601D129C830025584F;
					};
				};
			};
			buildConfigurationList = 95DBEF5C1D129C830025584F /* Build configuration list for PBXProject "MWStoryboardScenesDemo" */;
			compatibilityVersion = "Xcode 3.2";
			developmentRegion = English;
			hasScannedForEncodings = 0;
			knownRegions = (
				en,
				Base,
			);
			mainGroup = 95DBEF581D129C830025584F;
			productRefGroup = 95DBEF621D129C830025584F /* Products */;
			projectDirPath = "";
			projectRoot = "";
			targets = (
				95DBEF601D129C830025584F /* MWStoryboardScenesDemo */,
				95DBEF741D129C830025584F /* MWStoryboardScenesDemoTests */,
				95DBEF7F1D129C830025584F /* MWStoryboardScenesDemoUITests */,
			);
		};
/* End PBXProject section */

/* Begin PBXResourcesBuildPhase section */
		95DBEF5F1D129C830025584F /* Resources */ = {
			isa = PBXResourcesBuildPhase;
			buildActionMask = 2147483647;
			files = (
				95DBEFA91D129F9F0025584F /* MWStoryboardScenes.py in Resources */,
				95DBEF6F1D129C830025584F /* LaunchScreen.storyboard in Resources */,
				95DBEF6C1D129C830025584F /* Assets.xcassets in Resources */,
				F5FACD2263E33A1C05430E32 /* MainStoryboard_iPad.storyboard in Resources */,
				F5FACAE3E06418743F2CD923 /* MainStoryboard_iPhone.storyboard in Resources */,
				F5FAC375CC57B06734635738 /* ObjcStoryboard_iPhone.storyboard in Resources */,
				F5FACD1C0CAC4442BA4933F1 /* ObjcStoryboard_iPad.storyboard in Resources */,
			);
			runOnlyForDeploymentPostprocessing = 0;
		};
		95DBEF731D129C830025584F /* Resources */ = {
			isa = PBXResourcesBuildPhase;
			buildActionMask = 2147483647;
			files = (
			);
			runOnlyForDeploymentPostprocessing = 0;
		};
		95DBEF7E1D129C830025584F /* Resources */ = {
			isa = PBXResourcesBuildPhase;
			buildActionMask = 2147483647;
			files = (
			);
			runOnlyForDeploymentPostprocessing = 0;
		};
/* End PBXResourcesBuildPhase section */

/* Begin PBXShellScriptBuildPhase section */
		95DBEFAA1D12A06E0025584F /* ShellScript */ = {
			isa = PBXShellScriptBuildPhase;
			buildActionMask = 2147483647;
			files = (
			);
			inputPaths = (
			);
			outputPaths = (
				"$(SRCROOT)/MWStoryboardScenesDemo/Storyboards",
				"$(DERIVED_FILE_DIR)/ScriptHasRun.txt",
			);
			runOnlyForDeploymentPostprocessing = 0;
			shellPath = /bin/sh;
			shellScript = "python \"${SRCROOT}/MWStoryboardScenesDemo/MWStoryboardScenes.py\"";
		};
/* End PBXShellScriptBuildPhase section */

/* Begin PBXSourcesBuildPhase section */
		95DBEF5D1D129C830025584F /* Sources */ = {
			isa = PBXSourcesBuildPhase;
			buildActionMask = 2147483647;
			files = (
				95DBEF651D129C830025584F /* AppDelegate.swift in Sources */,
				F5FAC33C2F22222B69315012 /* Storyboards.swift in Sources */,
				95701E121D1831D900A34C15 /* MWStoryboards.m in Sources */,
				F5FAC1CDF90953F3445A24A3 /* Page1ViewController.swift in Sources */,
				F5FACC6863F2848DB3EF79F6 /* Page2ViewController.swift in Sources */,
				F5FACFF56D996C87E955F072 /* MWObjcPage1ViewController.m in Sources */,
				F5FACA079CB7A4E62C8825CF /* MWObjcPage2ViewController.m in Sources */,
			);
			runOnlyForDeploymentPostprocessing = 0;
		};
		95DBEF711D129C830025584F /* Sources */ = {
			isa = PBXSourcesBuildPhase;
			buildActionMask = 2147483647;
			files = (
				95DBEF7A1D129C830025584F /* MWStoryboardScenesDemoTests.swift in Sources */,
			);
			runOnlyForDeploymentPostprocessing = 0;
		};
		95DBEF7C1D129C830025584F /* Sources */ = {
			isa = PBXSourcesBuildPhase;
			buildActionMask = 2147483647;
			files = (
				95DBEF851D129C830025584F /* MWStoryboardScenesDemoUITests.swift in Sources */,
			);
			runOnlyForDeploymentPostprocessing = 0;
		};
/* End PBXSourcesBuildPhase section */

/* Begin PBXTargetDependency section */
		95DBEF771D129C830025584F /* PBXTargetDependency */ = {
			isa = PBXTargetDependency;
			target = 95DBEF601D129C830025584F /* MWStoryboardScenesDemo */;
			targetProxy = 95DBEF761D129C830025584F /* PBXContainerItemProxy */;
		};
		95DBEF821D129C830025584F /* PBXTargetDependency */ = {
			isa = PBXTargetDependency;
			target = 95DBEF601D129C830025584F /* MWStoryboardScenesDemo */;
			targetProxy = 95DBEF811D129C830025584F /* PBXContainerItemProxy */;
		};
/* End PBXTargetDependency section */

/* Begin PBXVariantGroup section */
		95DBEF6D1D129C830025584F /* LaunchScreen.storyboard */ = {
			isa = PBXVariantGroup;
			children = (
				95DBEF6E1D129C830025584F /* Base */,
			);
			name = LaunchScreen.storyboard;
			sourceTree = "<group>";
		};
/* End PBXVariantGroup section */

/* Begin XCBuildConfiguration section */
		95DBEF871D129C830025584F /* Debug */ = {
			isa = XCBuildConfiguration;
			buildSettings = {
				ALWAYS_SEARCH_USER_PATHS = NO;
				CLANG_ANALYZER_NONNULL = YES;
				CLANG_CXX_LANGUAGE_STANDARD = "gnu++0x";
				CLANG_CXX_LIBRARY = "libc++";
				CLANG_ENABLE_MODULES = YES;
				CLANG_ENABLE_OBJC_ARC = YES;
				CLANG_WARN_BOOL_CONVERSION = YES;
				CLANG_WARN_CONSTANT_CONVERSION = YES;
				CLANG_WARN_DIRECT_OBJC_ISA_USAGE = YES_ERROR;
				CLANG_WARN_EMPTY_BODY = YES;
				CLANG_WARN_ENUM_CONVERSION = YES;
				CLANG_WARN_INT_CONVERSION = YES;
				CLANG_WARN_OBJC_ROOT_CLASS = YES_ERROR;
				CLANG_WARN_UNREACHABLE_CODE = YES;
				CLANG_WARN__DUPLICATE_METHOD_MATCH = YES;
				"CODE_SIGN_IDENTITY[sdk=iphoneos*]" = "iPhone Developer";
				COPY_PHASE_STRIP = NO;
				DEBUG_INFORMATION_FORMAT = dwarf;
				ENABLE_STRICT_OBJC_MSGSEND = YES;
				ENABLE_TESTABILITY = YES;
				GCC_C_LANGUAGE_STANDARD = gnu99;
				GCC_DYNAMIC_NO_PIC = NO;
				GCC_NO_COMMON_BLOCKS = YES;
				GCC_OPTIMIZATION_LEVEL = 0;
				GCC_PREPROCESSOR_DEFINITIONS = (
					"DEBUG=1",
					"$(inherited)",
				);
				GCC_WARN_64_TO_32_BIT_CONVERSION = YES;
				GCC_WARN_ABOUT_RETURN_TYPE = YES_ERROR;
				GCC_WARN_UNDECLARED_SELECTOR = YES;
				GCC_WARN_UNINITIALIZED_AUTOS = YES_AGGRESSIVE;
				GCC_WARN_UNUSED_FUNCTION = YES;
				GCC_WARN_UNUSED_VARIABLE = YES;
				IPHONEOS_DEPLOYMENT_TARGET = 9.3;
				MTL_ENABLE_DEBUG_INFO = YES;
				ONLY_ACTIVE_ARCH = YES;
				SDKROOT = iphoneos;
				SWIFT_OPTIMIZATION_LEVEL = "-Onone";
				TARGETED_DEVICE_FAMILY = "1,2";
			};
			name = Debug;
		};
		95DBEF881D129C830025584F /* Release */ = {
			isa = XCBuildConfiguration;
			buildSettings = {
				ALWAYS_SEARCH_USER_PATHS = NO;
				CLANG_ANALYZER_NONNULL = YES;
				CLANG_CXX_LANGUAGE_STANDARD = "gnu++0x";
				CLANG_CXX_LIBRARY = "libc++";
				CLANG_ENABLE_MODULES = YES;
				CLANG_ENABLE_OBJC_ARC = YES;
				CLANG_WARN_BOOL_CONVERSION = YES;
				CLANG_WARN_CONSTANT_CONVERSION = YES;
				CLANG_WARN_DIRECT_OBJC_ISA_USAGE = YES_ERROR;
				CLANG_WARN_EMPTY_BODY = YES;
				CLANG_WARN_ENUM_CONVERSION = YES;
				CLANG_WARN_INT_CONVERSION = YES;
				CLANG_WARN_OBJC_ROOT_CLASS = YES_ERROR;
				CLANG_WARN_UNREACHABLE_CODE = YES;
				CLANG_WARN__DUPLICATE_METHOD_MATCH = YES;
				"CODE_SIGN_IDENTITY[sdk=iphoneos*]" = "iPhone Developer";
				COPY_PHASE_STRIP = NO;
				DEBUG_INFORMATION_FORMAT = "dwarf-with-dsym";
				ENABLE_NS_ASSERTIONS = NO;
				ENABLE_STRICT_OBJC_MSGSEND = YES;
				GCC_C_LANGUAGE_STANDARD = gnu99;
				GCC_NO_COMMON_BLOCKS = YES;
				GCC_WARN_64_TO_32_BIT_CONVERSION = YES;
				GCC_WARN_ABOUT_RETURN_TYPE = YES_ERROR;
				GCC_WARN_UNDECLARED_SELECTOR = YES;
				GCC_WARN_UNINITIALIZED_AUTOS = YES_AGGRESSIVE;
				GCC_WARN_UNUSED_FUNCTION = YES;
				GCC_WARN_UNUSED_VARIABLE = YES;
				IPHONEOS_DEPLOYMENT_TARGET = 9.3;
				MTL_ENABLE_DEBUG_INFO = NO;
				SDKROOT = iphoneos;
				TARGETED_DEVICE_FAMILY = "1,2";
				VALIDATE_PRODUCT = YES;
			};
			name = Release;
		};
		95DBEF8A1D129C830025584F /* Debug */ = {
			isa = XCBuildConfiguration;
			buildSettings = {
				ASSETCATALOG_COMPILER_APPICON_NAME = AppIcon;
				CLANG_ENABLE_MODULES = YES;
				INFOPLIST_FILE = MWStoryboardScenesDemo/Info.plist;
				LD_RUNPATH_SEARCH_PATHS = "$(inherited) @executable_path/Frameworks";
				PRODUCT_BUNDLE_IDENTIFIER = com.lonelypenguin.MWStoryboardScenesDemo;
				PRODUCT_NAME = "$(TARGET_NAME)";
				SWIFT_OBJC_BRIDGING_HEADER = "MWStoryboardScenesDemo/MWStoryboardScenesDemo-Bridging-Header.h";
				SWIFT_OPTIMIZATION_LEVEL = "-Onone";
			};
			name = Debug;
		};
		95DBEF8B1D129C830025584F /* Release */ = {
			isa = XCBuildConfiguration;
			buildSettings = {
				ASSETCATALOG_COMPILER_APPICON_NAME = AppIcon;
				CLANG_ENABLE_MODULES = YES;
				INFOPLIST_FILE = MWStoryboardScenesDemo/Info.plist;
				LD_RUNPATH_SEARCH_PATHS = "$(inherited) @executable_path/Frameworks";
				PRODUCT_BUNDLE_IDENTIFIER = com.lonelypenguin.MWStoryboardScenesDemo;
				PRODUCT_NAME = "$(TARGET_NAME)";
				SWIFT_OBJC_BRIDGING_HEADER = "MWStoryboardScenesDemo/MWStoryboardScenesDemo-Bridging-Header.h";
			};
			name = Release;
		};
		95DBEF8D1D129C830025584F /* Debug */ = {
			isa = XCBuildConfiguration;
			buildSettings = {
				BUNDLE_LOADER = "$(TEST_HOST)";
				INFOPLIST_FILE = MWStoryboardScenesDemoTests/Info.plist;
				LD_RUNPATH_SEARCH_PATHS = "$(inherited) @executable_path/Frameworks @loader_path/Frameworks";
				PRODUCT_BUNDLE_IDENTIFIER = com.lonelypenguin.MWStoryboardScenesDemoTests;
				PRODUCT_NAME = "$(TARGET_NAME)";
				TEST_HOST = "$(BUILT_PRODUCTS_DIR)/MWStoryboardScenesDemo.app/MWStoryboardScenesDemo";
			};
			name = Debug;
		};
		95DBEF8E1D129C830025584F /* Release */ = {
			isa = XCBuildConfiguration;
			buildSettings = {
				BUNDLE_LOADER = "$(TEST_HOST)";
				INFOPLIST_FILE = MWStoryboardScenesDemoTests/Info.plist;
				LD_RUNPATH_SEARCH_PATHS = "$(inherited) @executable_path/Frameworks @loader_path/Frameworks";
				PRODUCT_BUNDLE_IDENTIFIER = com.lonelypenguin.MWStoryboardScenesDemoTests;
				PRODUCT_NAME = "$(TARGET_NAME)";
				TEST_HOST = "$(BUILT_PRODUCTS_DIR)/MWStoryboardScenesDemo.app/MWStoryboardScenesDemo";
			};
			name = Release;
		};
		95DBEF901D129C830025584F /* Debug */ = {
			isa = XCBuildConfiguration;
			buildSettings = {
				INFOPLIST_FILE = MWStoryboardScenesDemoUITests/Info.plist;
				LD_RUNPATH_SEARCH_PATHS = "$(inherited) @executable_path/Frameworks @loader_path/Frameworks";
				PRODUCT_BUNDLE_IDENTIFIER = com.lonelypenguin.MWStoryboardScenesDemoUITests;
				PRODUCT_NAME = "$(TARGET_NAME)";
				TEST_TARGET_NAME = MWStoryboardScenesDemo;
			};
			name = Debug;
		};
		95DBEF911D129C830025584F /* Release */ = {
			isa = XCBuildConfiguration;
			buildSettings = {
				INFOPLIST_FILE = MWStoryboardScenesDemoUITests/Info.plist;
				LD_RUNPATH_SEARCH_PATHS = "$(inherited) @executable_path/Frameworks @loader_path/Frameworks";
				PRODUCT_BUNDLE_IDENTIFIER = com.lonelypenguin.MWStoryboardScenesDemoUITests;
				PRODUCT_NAME = "$(TARGET_NAME)";
				TEST_TARGET_NAME = MWStoryboardScenesDemo;
			};
			name = Release;
		};
/* End XCBuildConfiguration section */

/* Begin XCConfigurationList section */
		95DBEF5C1D129C830025584F /* Build configuration list for PBXProject "MWStoryboardScenesDemo" */ = {
			isa = XCConfigurationList;
			buildConfigurations = (
				95DBEF871D129C830025584F /* Debug */,
				95DBEF881D129C830025584F /* Release */,
			);
			defaultConfigurationIsVisible = 0;
			defaultConfigurationName = Release;
		};
		95DBEF891D129C830025584F /* Build configuration list for PBXNativeTarget "MWStoryboardScenesDemo" */ = {
			isa = XCConfigurationList;
			buildConfigurations = (
				95DBEF8A1D129C830025584F /* Debug */,
				95DBEF8B1D129C830025584F /* Release */,
			);
			defaultConfigurationIsVisible = 0;
			defaultConfigurationName = Release;
		};
		95DBEF8C1D129C830025584F /* Build configuration list for PBXNativeTarget "MWStoryboardScenesDemoTests" */ = {
			isa = XCConfigurationList;
			buildConfigurations = (
				95DBEF8D1D129C830025584F /* Debug */,
				95DBEF8E1D129C830025584F /* Release */,
			);
			defaultConfigurationIsVisible = 0;
			defaultConfigurationName = Release;
		};
		95DBEF8F1D129C830025584F /* Build configuration list for PBXNativeTarget "MWStoryboardScenesDemoUITests" */ = {
			isa = XCConfigurationList;
			buildConfigurations = (
				95DBEF901D129C830025584F /* Debug */,
				95DBEF911D129C830025584F /* Release */,
			);
			defaultConfigurationIsVisible = 0;
			defaultConfigurationName = Release;
		};
/* End XCConfigurationList section */
	};
	rootObject = 95DBEF591D129C830025584F /* Project object */;
}
